lockfileVersion: 5.3

specifiers:
  '@swc-node/register': ^1.4.2
  '@types/react': ^17.0.42
  chalk: '4'
  cmd-ts: ^0.10.0
  esbuild: ^0.14.25
  globby: '11'
  next: ^12.1.0
  react: ^17.0.2
  react-dom: ^17.0.2
  typescript: ^4.6.2
  vitest: ^0.5.9

devDependencies:
  '@swc-node/register': 1.4.2
  '@types/react': 17.0.42
  chalk: 4.1.2
  cmd-ts: 0.10.0
  esbuild: 0.14.27
  globby: 11.1.0
  next: 12.1.0_react-dom@17.0.2+react@17.0.2
  react: 17.0.2
  react-dom: 17.0.2_react@17.0.2
  typescript: 4.6.2
  vitest: 0.5.9

packages:

  /@next/env/12.1.0:
    resolution: {integrity: sha512-nrIgY6t17FQ9xxwH3jj0a6EOiQ/WDHUos35Hghtr+SWN/ntHIQ7UpuvSi0vaLzZVHQWaDupKI+liO5vANcDeTQ==}
    dev: true

  /@next/swc-android-arm64/12.1.0:
    resolution: {integrity: sha512-/280MLdZe0W03stA69iL+v6I+J1ascrQ6FrXBlXGCsGzrfMaGr7fskMa0T5AhQIVQD4nA/46QQWxG//DYuFBcA==}
    engines: {node: '>= 10'}
    cpu: [arm64]
    os: [android]
    requiresBuild: true
    dev: true
    optional: true

  /@next/swc-darwin-arm64/12.1.0:
    resolution: {integrity: sha512-R8vcXE2/iONJ1Unf5Ptqjk6LRW3bggH+8drNkkzH4FLEQkHtELhvcmJwkXcuipyQCsIakldAXhRbZmm3YN1vXg==}
    engines: {node: '>= 10'}
    cpu: [arm64]
    os: [darwin]
    requiresBuild: true
    dev: true
    optional: true

  /@next/swc-darwin-x64/12.1.0:
    resolution: {integrity: sha512-ieAz0/J0PhmbZBB8+EA/JGdhRHBogF8BWaeqR7hwveb6SYEIJaDNQy0I+ZN8gF8hLj63bEDxJAs/cEhdnTq+ug==}
    engines: {node: '>= 10'}
    cpu: [x64]
    os: [darwin]
    requiresBuild: true
    dev: true
    optional: true

  /@next/swc-linux-arm-gnueabihf/12.1.0:
    resolution: {integrity: sha512-njUd9hpl6o6A5d08dC0cKAgXKCzm5fFtgGe6i0eko8IAdtAPbtHxtpre3VeSxdZvuGFh+hb0REySQP9T1ttkog==}
    engines: {node: '>= 10'}
    cpu: [arm]
    os: [linux]
    requiresBuild: true
    dev: true
    optional: true

  /@next/swc-linux-arm64-gnu/12.1.0:
    resolution: {integrity: sha512-OqangJLkRxVxMhDtcb7Qn1xjzFA3s50EIxY7mljbSCLybU+sByPaWAHY4px97ieOlr2y4S0xdPKkQ3BCAwyo6Q==}
    engines: {node: '>= 10'}
    cpu: [arm64]
    os: [linux]
    requiresBuild: true
    dev: true
    optional: true

  /@next/swc-linux-arm64-musl/12.1.0:
    resolution: {integrity: sha512-hB8cLSt4GdmOpcwRe2UzI5UWn6HHO/vLkr5OTuNvCJ5xGDwpPXelVkYW/0+C3g5axbDW2Tym4S+MQCkkH9QfWA==}
    engines: {node: '>= 10'}
    cpu: [arm64]
    os: [linux]
    requiresBuild: true
    dev: true
    optional: true

  /@next/swc-linux-x64-gnu/12.1.0:
    resolution: {integrity: sha512-OKO4R/digvrVuweSw/uBM4nSdyzsBV5EwkUeeG4KVpkIZEe64ZwRpnFB65bC6hGwxIBnTv5NMSnJ+0K/WmG78A==}
    engines: {node: '>= 10'}
    cpu: [x64]
    os: [linux]
    requiresBuild: true
    dev: true
    optional: true

  /@next/swc-linux-x64-musl/12.1.0:
    resolution: {integrity: sha512-JohhgAHZvOD3rQY7tlp7NlmvtvYHBYgY0x5ZCecUT6eCCcl9lv6iV3nfu82ErkxNk1H893fqH0FUpznZ/H3pSw==}
    engines: {node: '>= 10'}
    cpu: [x64]
    os: [linux]
    requiresBuild: true
    dev: true
    optional: true

  /@next/swc-win32-arm64-msvc/12.1.0:
    resolution: {integrity: sha512-T/3gIE6QEfKIJ4dmJk75v9hhNiYZhQYAoYm4iVo1TgcsuaKLFa+zMPh4056AHiG6n9tn2UQ1CFE8EoybEsqsSw==}
    engines: {node: '>= 10'}
    cpu: [arm64]
    os: [win32]
    requiresBuild: true
    dev: true
    optional: true

  /@next/swc-win32-ia32-msvc/12.1.0:
    resolution: {integrity: sha512-iwnKgHJdqhIW19H9PRPM9j55V6RdcOo6rX+5imx832BCWzkDbyomWnlzBfr6ByUYfhohb8QuH4hSGEikpPqI0Q==}
    engines: {node: '>= 10'}
    cpu: [ia32]
    os: [win32]
    requiresBuild: true
    dev: true
    optional: true

  /@next/swc-win32-x64-msvc/12.1.0:
    resolution: {integrity: sha512-aBvcbMwuanDH4EMrL2TthNJy+4nP59Bimn8egqv6GHMVj0a44cU6Au4PjOhLNqEh9l+IpRGBqMTzec94UdC5xg==}
    engines: {node: '>= 10'}
    cpu: [x64]
    os: [win32]
    requiresBuild: true
    dev: true
    optional: true

  /@nodelib/fs.scandir/2.1.5:
    resolution: {integrity: sha512-vq24Bq3ym5HEQm2NKCr3yXDwjc7vTsEThRDnkp2DK9p1uqLR+DHurm/NOTo0KG7HYHU7eppKZj3MyqYuMBf62g==}
    engines: {node: '>= 8'}
    dependencies:
      '@nodelib/fs.stat': 2.0.5
      run-parallel: 1.2.0
    dev: true

  /@nodelib/fs.stat/2.0.5:
    resolution: {integrity: sha512-RkhPPp2zrqDAQA/2jNhnztcPAlv64XdhIp7a7454A5ovI7Bukxgt7MX7udwAu3zg1DcpPU0rz3VV1SeaqvY4+A==}
    engines: {node: '>= 8'}
    dev: true

  /@nodelib/fs.walk/1.2.8:
    resolution: {integrity: sha512-oGB+UxlgWcgQkgwo8GcEGwemoTFt3FIO9ababBmaGwXIoBKZ+GTy0pP185beGg7Llih/NSHSV2XAs1lnznocSg==}
    engines: {node: '>= 8'}
    dependencies:
      '@nodelib/fs.scandir': 2.1.5
      fastq: 1.13.0
    dev: true

  /@swc-node/core/1.8.2:
    resolution: {integrity: sha512-IoJ7tGHQ6JOMSmFe4VhP64uLmFKMNasS0QEgUrLFQ0h/dTvpQMynnoGBEJoPL6LfsebZ/q4uKqbpWrth6/yrAA==}
    engines: {node: '>= 10'}
    dependencies:
      '@swc/core': 1.2.160
    dev: true

  /@swc-node/register/1.4.2:
    resolution: {integrity: sha512-wLZz0J7BTO//1Eq7e4eBQjKF380Hr2eVemz849msQSKcVM1D7UJUt/dP2TinEVGx++/BXJ/0q37i6n9Iw0EM0w==}
    dependencies:
      '@swc-node/core': 1.8.2
      '@swc-node/sourcemap-support': 0.1.11
      chalk: 4.1.2
      debug: 4.3.4
      pirates: 4.0.5
      tslib: 2.3.1
      typescript: 4.6.2
    transitivePeerDependencies:
      - supports-color
    dev: true

  /@swc-node/sourcemap-support/0.1.11:
    resolution: {integrity: sha512-b+Mn3oQl+7nUSt7hPzIbY9B30YhcFo1PT4kd9P4QmD6raycmIealOAhAdZID/JevphzsOXHQB4OqJm7Yi5tMcA==}
    dependencies:
      source-map-support: 0.5.21
    dev: true

  /@swc/core-android-arm-eabi/1.2.160:
    resolution: {integrity: sha512-VzFP7tYgvpkUhd8wgyNtERqvoPBBDretyMFxAxPe2SxClaBs9Ka95PdiPPZalRq+vFCb/dFxD8Vhz+XO16Kpjg==}
    engines: {node: '>=10'}
    cpu: [arm]
    os: [android]
    requiresBuild: true
    dev: true
    optional: true

  /@swc/core-android-arm64/1.2.160:
    resolution: {integrity: sha512-m+xqQaa7TqW3Vm9MUvITtdU8OlAc/9yT+TgOS4l8WlfFI87IDnLLfinKKEp+xfKwzYDdIsh+sC+jdGdIBTMB+Q==}
    engines: {node: '>=10'}
    cpu: [arm64]
    os: [android]
    requiresBuild: true
    dev: true
    optional: true

  /@swc/core-darwin-arm64/1.2.160:
    resolution: {integrity: sha512-9bG70KYKvjNf7tZtjOu1h4kDZPtoidZptIXPGSHuUgJ1BbSJYpfRR5xAmq4k37+GqOjIPJp4+lSGQPa2HfejpA==}
    engines: {node: '>=10'}
    cpu: [arm64]
    os: [darwin]
    requiresBuild: true
    dev: true
    optional: true

  /@swc/core-darwin-x64/1.2.160:
    resolution: {integrity: sha512-+b4HdKAVf/XPZ9DjgG2axGLbquPEuYwEP3zeWgbWn0s0FYQ7WTFxznf3YrTJE9MYadJeCOs3U80E2xVAtRRS9Q==}
    engines: {node: '>=10'}
    cpu: [x64]
    os: [darwin]
    requiresBuild: true
    dev: true
    optional: true

  /@swc/core-freebsd-x64/1.2.160:
    resolution: {integrity: sha512-E5agJwv+RVMoZ8FQIPSO5wLPDQx6jqcMpV207EB3pPaxPWGe4n3DH3vcibHp80RACDNdiaqo5lBeBnGJI4ithw==}
    engines: {node: '>=10'}
    cpu: [x64]
    os: [freebsd]
    requiresBuild: true
    dev: true
    optional: true

  /@swc/core-linux-arm-gnueabihf/1.2.160:
    resolution: {integrity: sha512-uCttZRNx+lWVhCYGC6/pGUej08g1SQc5am6R9NVFh111goytcdlPnC4jV8oWzq2QhDWkkKxLoP2CZOytzI4+0w==}
    engines: {node: '>=10'}
    cpu: [arm]
    os: [linux]
    requiresBuild: true
    dev: true
    optional: true

  /@swc/core-linux-arm64-gnu/1.2.160:
    resolution: {integrity: sha512-sB18roiv8m/zsY6tXLSrbUls0eKkSkxOEF0ennXVEtz97rMJ+WWnkOc8gI+rUpj3MHbVAIxyDNyyZU4cH5g1jQ==}
    engines: {node: '>=10'}
    cpu: [arm64]
    os: [linux]
    requiresBuild: true
    dev: true
    optional: true

  /@swc/core-linux-arm64-musl/1.2.160:
    resolution: {integrity: sha512-PJ7Ukb+BRR3pGYcUag8qRWOB11eByc5YLx/xAMSc3bRmaYW/oj6s8k+1DYiR//BAuNQdf14MpMFzDuWiDEUh7A==}
    engines: {node: '>=10'}
    cpu: [arm64]
    os: [linux]
    requiresBuild: true
    dev: true
    optional: true

  /@swc/core-linux-x64-gnu/1.2.160:
    resolution: {integrity: sha512-wVh8Q86xz3t0y5zoUryWQ64bFG/YxdcykBgaog8lU9xkFb1KSqVRE9ia7aKA12/ZtAfpJZLRBleZxBAcaCg9FQ==}
    engines: {node: '>=10'}
    cpu: [x64]
    os: [linux]
    requiresBuild: true
    dev: true
    optional: true

  /@swc/core-linux-x64-musl/1.2.160:
    resolution: {integrity: sha512-AnWdarl9WWuDdbc2AX1w76W1jaekSCokxRrWdSGUgQytaZRtybKZEgThvJCQDrSlYQD4XDOhhVRCurTvy4JsfQ==}
    engines: {node: '>=10'}
    cpu: [x64]
    os: [linux]
    requiresBuild: true
    dev: true
    optional: true

  /@swc/core-win32-arm64-msvc/1.2.160:
    resolution: {integrity: sha512-ScL27mZRTwEIqBIv9RY34nQvyBvhosiM5Lus4dCFmS71flPcAEv7hJgy4GE3YUQV0ryGNK9NaO43H8sAyNwKVQ==}
    engines: {node: '>=10'}
    cpu: [arm64]
    os: [win32]
    requiresBuild: true
    dev: true
    optional: true

  /@swc/core-win32-ia32-msvc/1.2.160:
    resolution: {integrity: sha512-e75zbWlhlyrd5HdrYzELa6OlZxgyaVpJj+c9xMD95HcdklVbmsyt1vuqRxMyqaZUDLyehwwCDRX/ZeDme//M/A==}
    engines: {node: '>=10'}
    cpu: [ia32]
    os: [win32]
    requiresBuild: true
    dev: true
    optional: true

  /@swc/core-win32-x64-msvc/1.2.160:
    resolution: {integrity: sha512-GAYT+WzYQY4sr17S21yJh4flJp/sQ62mAs6RfN89p7jIWgm0Bl/SooRl6ocsftTlnZm7K7QC8zmQVeNCWDCLPw==}
    engines: {node: '>=10'}
    cpu: [x64]
    os: [win32]
    requiresBuild: true
    dev: true
    optional: true

  /@swc/core/1.2.160:
    resolution: {integrity: sha512-nXoC7HA+aY7AtBPsiqGXocoRLAzzA7MV+InWQtILN7Uru4hB9+rLnLCPc3zSdg7pgnxJLa1tHup1Rz7Vv6TcIQ==}
    engines: {node: '>=10'}
    hasBin: true
    optionalDependencies:
      '@swc/core-android-arm-eabi': 1.2.160
      '@swc/core-android-arm64': 1.2.160
      '@swc/core-darwin-arm64': 1.2.160
      '@swc/core-darwin-x64': 1.2.160
      '@swc/core-freebsd-x64': 1.2.160
      '@swc/core-linux-arm-gnueabihf': 1.2.160
      '@swc/core-linux-arm64-gnu': 1.2.160
      '@swc/core-linux-arm64-musl': 1.2.160
      '@swc/core-linux-x64-gnu': 1.2.160
      '@swc/core-linux-x64-musl': 1.2.160
      '@swc/core-win32-arm64-msvc': 1.2.160
      '@swc/core-win32-ia32-msvc': 1.2.160
      '@swc/core-win32-x64-msvc': 1.2.160
    dev: true

  /@types/chai-subset/1.3.3:
    resolution: {integrity: sha512-frBecisrNGz+F4T6bcc+NLeolfiojh5FxW2klu669+8BARtyQv2C/GkNW6FUodVe4BroGMP/wER/YDGc7rEllw==}
    dependencies:
      '@types/chai': 4.3.0
    dev: true

  /@types/chai/4.3.0:
    resolution: {integrity: sha512-/ceqdqeRraGolFTcfoXNiqjyQhZzbINDngeoAq9GoHa8PPK1yNzTaxWjA6BFWp5Ua9JpXEMSS4s5i9tS0hOJtw==}
    dev: true

  /@types/prop-types/15.7.4:
    resolution: {integrity: sha512-rZ5drC/jWjrArrS8BR6SIr4cWpW09RNTYt9AMZo3Jwwif+iacXAqgVjm0B0Bv/S1jhDXKHqRVNCbACkJ89RAnQ==}
    dev: true

  /@types/react/17.0.42:
    resolution: {integrity: sha512-nuab3x3CpJ7VFeNA+3HTUuEkvClYHXqWtWd7Ud6AZYW7Z3NH9WKtgU+tFB0ZLcHq+niB/HnzLcaZPqMJ95+k5Q==}
    dependencies:
      '@types/prop-types': 15.7.4
      '@types/scheduler': 0.16.2
      csstype: 3.0.11
    dev: true

  /@types/scheduler/0.16.2:
    resolution: {integrity: sha512-hppQEBDmlwhFAXKJX2KnWLYu5yMfi91yazPb2l+lbJiwW+wdo1gNeRA+3RgNSO39WYX2euey41KEwnqesU2Jew==}
    dev: true

  /ansi-regex/5.0.1:
    resolution: {integrity: sha512-quJQXlTSUGL2LH9SUXo8VwsY4soanhgo6LNSm84E1LBcE8s3O0wpdiRzyR9z/ZZJMlMWv37qOOb9pdJlMUEKFQ==}
    engines: {node: '>=8'}
    dev: true

  /ansi-styles/4.3.0:
    resolution: {integrity: sha512-zbB9rCJAT1rbjiVDb2hqKFHNYLxgtk8NURxZ3IZwD3F6NtxbXZQCnnSi1Lkx+IDohdPlFp222wVALIheZJQSEg==}
    engines: {node: '>=8'}
    dependencies:
      color-convert: 2.0.1
    dev: true

  /array-union/2.1.0:
    resolution: {integrity: sha512-HGyxoOTYUyCM6stUe6EJgnd4EoewAI7zMdfqO+kGjnlZmBDz/cR5pf8r/cR4Wq60sL/p0IkcjUEEPwS3GFrIyw==}
    engines: {node: '>=8'}
    dev: true

  /assertion-error/1.1.0:
    resolution: {integrity: sha512-jgsaNduz+ndvGyFt3uSuWqvy4lCnIJiovtouQN5JZHOKCS2QuhEdbcQHFhVksz2N2U9hXJo8odG7ETyWlEeuDw==}
    dev: true

  /braces/3.0.2:
    resolution: {integrity: sha512-b8um+L1RzM3WDSzvhm6gIz1yfTbBt6YTlcEKAvsmqCZZFw46z626lVj9j1yEPW33H5H+lBQpZMP1k8l+78Ha0A==}
    engines: {node: '>=8'}
    dependencies:
      fill-range: 7.0.1
    dev: true

  /buffer-from/1.1.2:
    resolution: {integrity: sha512-E+XQCRwSbaaiChtv6k6Dwgc+bx+Bs6vuKJHHl5kox/BaKbhiXzqQOwK4cO22yElGp2OCmjwVhT3HmxgyPGnJfQ==}
    dev: true

  /caniuse-lite/1.0.30001319:
    resolution: {integrity: sha512-xjlIAFHucBRSMUo1kb5D4LYgcN1M45qdKP++lhqowDpwJwGkpIRTt5qQqnhxjj1vHcI7nrJxWhCC1ATrCEBTcw==}
    dev: true

  /chai/4.3.6:
    resolution: {integrity: sha512-bbcp3YfHCUzMOvKqsztczerVgBKSsEijCySNlHHbX3VG1nskvqjz5Rfso1gGwD6w6oOV3eI60pKuMOV5MV7p3Q==}
    engines: {node: '>=4'}
    dependencies:
      assertion-error: 1.1.0
      check-error: 1.0.2
      deep-eql: 3.0.1
      get-func-name: 2.0.0
      loupe: 2.3.4
      pathval: 1.1.1
      type-detect: 4.0.8
    dev: true

  /chalk/4.1.2:
    resolution: {integrity: sha512-oKnbhFyRIXpUuez8iBMmyEa4nbj4IOQyuhc/wy9kY7/WVPcwIO9VA668Pu8RkO7+0G76SLROeyw9CpQ061i4mA==}
    engines: {node: '>=10'}
    dependencies:
      ansi-styles: 4.3.0
      supports-color: 7.2.0
    dev: true

  /check-error/1.0.2:
    resolution: {integrity: sha1-V00xLt2Iu13YkS6Sht1sCu1KrII=}
    dev: true

  /cmd-ts/0.10.0:
    resolution: {integrity: sha512-DsVhXSE8yljY96pu+UOlFr67CNrZVCowLh6X1e7sIoLZkR2esoI5Agbokxi8HXu79ow4HBCCI2EcE3t7hrra8Q==}
    dependencies:
      chalk: 4.1.2
      debug: 4.3.4
      didyoumean: 1.2.2
      strip-ansi: 6.0.1
    transitivePeerDependencies:
      - supports-color
    dev: true

  /color-convert/2.0.1:
    resolution: {integrity: sha512-RRECPsj7iu/xb5oKYcsFHSppFNnsj/52OVTRKb4zP5onXwVF3zVmmToNcOfGC+CRDpfK/U584fMg38ZHCaElKQ==}
    engines: {node: '>=7.0.0'}
    dependencies:
      color-name: 1.1.4
    dev: true

  /color-name/1.1.4:
    resolution: {integrity: sha512-dOy+3AuW3a2wNbZHIuMZpTcgjGuLU/uBL/ubcZF9OXbDo8ff4O8yVp5Bf0efS8uEoYo5q4Fx7dY9OgQGXgAsQA==}
    dev: true

  /csstype/3.0.11:
    resolution: {integrity: sha512-sa6P2wJ+CAbgyy4KFssIb/JNMLxFvKF1pCYCSXS8ZMuqZnMsrxqI2E5sPyoTpxoPU/gVZMzr2zjOfg8GIZOMsw==}
    dev: true

  /debug/4.3.4:
    resolution: {integrity: sha512-PRWFHuSU3eDtQJPvnNY7Jcket1j0t5OuOsFzPPzsekD52Zl8qUfFIPEiswXqIvHWGVHOgX+7G/vCNNhehwxfkQ==}
    engines: {node: '>=6.0'}
    peerDependencies:
      supports-color: '*'
    peerDependenciesMeta:
      supports-color:
        optional: true
    dependencies:
      ms: 2.1.2
    dev: true

  /deep-eql/3.0.1:
    resolution: {integrity: sha512-+QeIQyN5ZuO+3Uk5DYh6/1eKO0m0YmJFGNmFHGACpf1ClL1nmlV/p4gNgbl2pJGxgXb4faqo6UE+M5ACEMyVcw==}
    engines: {node: '>=0.12'}
    dependencies:
      type-detect: 4.0.8
    dev: true

  /didyoumean/1.2.2:
    resolution: {integrity: sha512-gxtyfqMg7GKyhQmb056K7M3xszy/myH8w+B4RT+QXBQsvAOdc3XymqDDPHx1BgPgsdAA5SIifona89YtRATDzw==}
    dev: true

  /dir-glob/3.0.1:
    resolution: {integrity: sha512-WkrWp9GR4KXfKGYzOLmTuGVi1UWFfws377n9cc55/tb6DuqyF6pcQ5AbiHEshaDpY9v6oaSr2XCDidGmMwdzIA==}
    engines: {node: '>=8'}
    dependencies:
      path-type: 4.0.0
    dev: true

  /esbuild-android-64/0.14.27:
    resolution: {integrity: sha512-LuEd4uPuj/16Y8j6kqy3Z2E9vNY9logfq8Tq+oTE2PZVuNs3M1kj5Qd4O95ee66yDGb3isaOCV7sOLDwtMfGaQ==}
    engines: {node: '>=12'}
    cpu: [x64]
    os: [android]
    requiresBuild: true
    dev: true
    optional: true

  /esbuild-android-arm64/0.14.27:
    resolution: {integrity: sha512-E8Ktwwa6vX8q7QeJmg8yepBYXaee50OdQS3BFtEHKrzbV45H4foMOeEE7uqdjGQZFBap5VAqo7pvjlyA92wznQ==}
    engines: {node: '>=12'}
    cpu: [arm64]
    os: [android]
    requiresBuild: true
    dev: true
    optional: true

  /esbuild-darwin-64/0.14.27:
    resolution: {integrity: sha512-czw/kXl/1ZdenPWfw9jDc5iuIYxqUxgQ/Q+hRd4/3udyGGVI31r29LCViN2bAJgGvQkqyLGVcG03PJPEXQ5i2g==}
    engines: {node: '>=12'}
    cpu: [x64]
    os: [darwin]
    requiresBuild: true
    dev: true
    optional: true

  /esbuild-darwin-arm64/0.14.27:
    resolution: {integrity: sha512-BEsv2U2U4o672oV8+xpXNxN9bgqRCtddQC6WBh4YhXKDcSZcdNh7+6nS+DM2vu7qWIWNA4JbRG24LUUYXysimQ==}
    engines: {node: '>=12'}
    cpu: [arm64]
    os: [darwin]
    requiresBuild: true
    dev: true
    optional: true

  /esbuild-freebsd-64/0.14.27:
    resolution: {integrity: sha512-7FeiFPGBo+ga+kOkDxtPmdPZdayrSzsV9pmfHxcyLKxu+3oTcajeZlOO1y9HW+t5aFZPiv7czOHM4KNd0tNwCA==}
    engines: {node: '>=12'}
    cpu: [x64]
    os: [freebsd]
    requiresBuild: true
    dev: true
    optional: true

  /esbuild-freebsd-arm64/0.14.27:
    resolution: {integrity: sha512-8CK3++foRZJluOWXpllG5zwAVlxtv36NpHfsbWS7TYlD8S+QruXltKlXToc/5ZNzBK++l6rvRKELu/puCLc7jA==}
    engines: {node: '>=12'}
    cpu: [arm64]
    os: [freebsd]
    requiresBuild: true
    dev: true
    optional: true

  /esbuild-linux-32/0.14.27:
    resolution: {integrity: sha512-qhNYIcT+EsYSBClZ5QhLzFzV5iVsP1YsITqblSaztr3+ZJUI+GoK8aXHyzKd7/CKKuK93cxEMJPpfi1dfsOfdw==}
    engines: {node: '>=12'}
    cpu: [ia32]
    os: [linux]
    requiresBuild: true
    dev: true
    optional: true

  /esbuild-linux-64/0.14.27:
    resolution: {integrity: sha512-ESjck9+EsHoTaKWlFKJpPZRN26uiav5gkI16RuI8WBxUdLrrAlYuYSndxxKgEn1csd968BX/8yQZATYf/9+/qg==}
    engines: {node: '>=12'}
    cpu: [x64]
    os: [linux]
    requiresBuild: true
    dev: true
    optional: true

  /esbuild-linux-arm/0.14.27:
    resolution: {integrity: sha512-JnnmgUBdqLQO9hoNZQqNHFWlNpSX82vzB3rYuCJMhtkuaWQEmQz6Lec1UIxJdC38ifEghNTBsF9bbe8dFilnCw==}
    engines: {node: '>=12'}
    cpu: [arm]
    os: [linux]
    requiresBuild: true
    dev: true
    optional: true

  /esbuild-linux-arm64/0.14.27:
    resolution: {integrity: sha512-no6Mi17eV2tHlJnqBHRLekpZ2/VYx+NfGxKcBE/2xOMYwctsanCaXxw4zapvNrGE9X38vefVXLz6YCF8b1EHiQ==}
    engines: {node: '>=12'}
    cpu: [arm64]
    os: [linux]
    requiresBuild: true
    dev: true
    optional: true

  /esbuild-linux-mips64le/0.14.27:
    resolution: {integrity: sha512-NolWP2uOvIJpbwpsDbwfeExZOY1bZNlWE/kVfkzLMsSgqeVcl5YMen/cedRe9mKnpfLli+i0uSp7N+fkKNU27A==}
    engines: {node: '>=12'}
    cpu: [mips64el]
    os: [linux]
    requiresBuild: true
    dev: true
    optional: true

  /esbuild-linux-ppc64le/0.14.27:
    resolution: {integrity: sha512-/7dTjDvXMdRKmsSxKXeWyonuGgblnYDn0MI1xDC7J1VQXny8k1qgNp6VmrlsawwnsymSUUiThhkJsI+rx0taNA==}
    engines: {node: '>=12'}
    cpu: [ppc64]
    os: [linux]
    requiresBuild: true
    dev: true
    optional: true

  /esbuild-linux-riscv64/0.14.27:
    resolution: {integrity: sha512-D+aFiUzOJG13RhrSmZgrcFaF4UUHpqj7XSKrIiCXIj1dkIkFqdrmqMSOtSs78dOtObWiOrFCDDzB24UyeEiNGg==}
    engines: {node: '>=12'}
    cpu: [riscv64]
    os: [linux]
    requiresBuild: true
    dev: true
    optional: true

  /esbuild-linux-s390x/0.14.27:
    resolution: {integrity: sha512-CD/D4tj0U4UQjELkdNlZhQ8nDHU5rBn6NGp47Hiz0Y7/akAY5i0oGadhEIg0WCY/HYVXFb3CsSPPwaKcTOW3bg==}
    engines: {node: '>=12'}
    cpu: [s390x]
    os: [linux]
    requiresBuild: true
    dev: true
    optional: true

  /esbuild-netbsd-64/0.14.27:
    resolution: {integrity: sha512-h3mAld69SrO1VoaMpYl3a5FNdGRE/Nqc+E8VtHOag4tyBwhCQXxtvDDOAKOUQexBGca0IuR6UayQ4ntSX5ij1Q==}
    engines: {node: '>=12'}
    cpu: [x64]
    os: [netbsd]
    requiresBuild: true
    dev: true
    optional: true

  /esbuild-openbsd-64/0.14.27:
    resolution: {integrity: sha512-xwSje6qIZaDHXWoPpIgvL+7fC6WeubHHv18tusLYMwL+Z6bEa4Pbfs5IWDtQdHkArtfxEkIZz77944z8MgDxGw==}
    engines: {node: '>=12'}
    cpu: [x64]
    os: [openbsd]
    requiresBuild: true
    dev: true
    optional: true

  /esbuild-sunos-64/0.14.27:
    resolution: {integrity: sha512-/nBVpWIDjYiyMhuqIqbXXsxBc58cBVH9uztAOIfWShStxq9BNBik92oPQPJ57nzWXRNKQUEFWr4Q98utDWz7jg==}
    engines: {node: '>=12'}
    cpu: [x64]
    os: [sunos]
    requiresBuild: true
    dev: true
    optional: true

  /esbuild-windows-32/0.14.27:
    resolution: {integrity: sha512-Q9/zEjhZJ4trtWhFWIZvS/7RUzzi8rvkoaS9oiizkHTTKd8UxFwn/Mm2OywsAfYymgUYm8+y2b+BKTNEFxUekw==}
    engines: {node: '>=12'}
    cpu: [ia32]
    os: [win32]
    requiresBuild: true
    dev: true
    optional: true

  /esbuild-windows-64/0.14.27:
    resolution: {integrity: sha512-b3y3vTSl5aEhWHK66ngtiS/c6byLf6y/ZBvODH1YkBM+MGtVL6jN38FdHUsZasCz9gFwYs/lJMVY9u7GL6wfYg==}
    engines: {node: '>=12'}
    cpu: [x64]
    os: [win32]
    requiresBuild: true
    dev: true
    optional: true

  /esbuild-windows-arm64/0.14.27:
    resolution: {integrity: sha512-I/reTxr6TFMcR5qbIkwRGvldMIaiBu2+MP0LlD7sOlNXrfqIl9uNjsuxFPGEG4IRomjfQ5q8WT+xlF/ySVkqKg==}
    engines: {node: '>=12'}
    cpu: [arm64]
    os: [win32]
    requiresBuild: true
    dev: true
    optional: true

  /esbuild/0.14.27:
    resolution: {integrity: sha512-MZQt5SywZS3hA9fXnMhR22dv0oPGh6QtjJRIYbgL1AeqAoQZE+Qn5ppGYQAoHv/vq827flj4tIJ79Mrdiwk46Q==}
    engines: {node: '>=12'}
    hasBin: true
    requiresBuild: true
    optionalDependencies:
      esbuild-android-64: 0.14.27
      esbuild-android-arm64: 0.14.27
      esbuild-darwin-64: 0.14.27
      esbuild-darwin-arm64: 0.14.27
      esbuild-freebsd-64: 0.14.27
      esbuild-freebsd-arm64: 0.14.27
      esbuild-linux-32: 0.14.27
      esbuild-linux-64: 0.14.27
      esbuild-linux-arm: 0.14.27
      esbuild-linux-arm64: 0.14.27
      esbuild-linux-mips64le: 0.14.27
      esbuild-linux-ppc64le: 0.14.27
      esbuild-linux-riscv64: 0.14.27
      esbuild-linux-s390x: 0.14.27
      esbuild-netbsd-64: 0.14.27
      esbuild-openbsd-64: 0.14.27
      esbuild-sunos-64: 0.14.27
      esbuild-windows-32: 0.14.27
      esbuild-windows-64: 0.14.27
      esbuild-windows-arm64: 0.14.27
    dev: true

  /fast-glob/3.2.11:
    resolution: {integrity: sha512-xrO3+1bxSo3ZVHAnqzyuewYT6aMFHRAd4Kcs92MAonjwQZLsK9d0SF1IyQ3k5PoirxTW0Oe/RqFgMQ6TcNE5Ew==}
    engines: {node: '>=8.6.0'}
    dependencies:
      '@nodelib/fs.stat': 2.0.5
      '@nodelib/fs.walk': 1.2.8
      glob-parent: 5.1.2
      merge2: 1.4.1
      micromatch: 4.0.4
    dev: true

  /fastq/1.13.0:
    resolution: {integrity: sha512-YpkpUnK8od0o1hmeSc7UUs/eB/vIPWJYjKck2QKIzAf71Vm1AAQ3EbuZB3g2JIy+pg+ERD0vqI79KyZiB2e2Nw==}
    dependencies:
      reusify: 1.0.4
    dev: true

  /fill-range/7.0.1:
    resolution: {integrity: sha512-qOo9F+dMUmC2Lcb4BbVvnKJxTPjCm+RRpe4gDuGrzkL7mEVl/djYSu2OdQ2Pa302N4oqkSg9ir6jaLWJ2USVpQ==}
    engines: {node: '>=8'}
    dependencies:
      to-regex-range: 5.0.1
    dev: true

  /fsevents/2.3.2:
    resolution: {integrity: sha512-xiqMQR4xAeHTuB9uWm+fFRcIOgKBMiOBP+eXiyT7jsgVCq1bkVygt00oASowB7EdtpOHaaPgKt812P9ab+DDKA==}
    engines: {node: ^8.16.0 || ^10.6.0 || >=11.0.0}
    os: [darwin]
    requiresBuild: true
    dev: true
    optional: true

  /function-bind/1.1.1:
    resolution: {integrity: sha512-yIovAzMX49sF8Yl58fSCWJ5svSLuaibPxXQJFLmBObTuCr0Mf1KiPopGM9NiFjiYBCbfaa2Fh6breQ6ANVTI0A==}
    dev: true

  /get-func-name/2.0.0:
    resolution: {integrity: sha1-6td0q+5y4gQJQzoGY2YCPdaIekE=}
    dev: true

  /glob-parent/5.1.2:
    resolution: {integrity: sha512-AOIgSQCepiJYwP3ARnGx+5VnTu2HBYdzbGP45eLw1vr3zB3vZLeyed1sC9hnbcOc9/SrMyM5RPQrkGz4aS9Zow==}
    engines: {node: '>= 6'}
    dependencies:
      is-glob: 4.0.3
    dev: true

  /globby/11.1.0:
    resolution: {integrity: sha512-jhIXaOzy1sb8IyocaruWSn1TjmnBVs8Ayhcy83rmxNJ8q2uWKCAj3CnJY+KpGSXCueAPc0i05kVvVKtP1t9S3g==}
    engines: {node: '>=10'}
    dependencies:
      array-union: 2.1.0
      dir-glob: 3.0.1
      fast-glob: 3.2.11
      ignore: 5.2.0
      merge2: 1.4.1
      slash: 3.0.0
    dev: true

  /has-flag/4.0.0:
    resolution: {integrity: sha512-EykJT/Q1KjTWctppgIAgfSO0tKVuZUjhgMr17kqTumMl6Afv3EISleU7qZUzoXDFTAHTDC4NOoG/ZxU3EvlMPQ==}
    engines: {node: '>=8'}
    dev: true

  /has/1.0.3:
    resolution: {integrity: sha512-f2dvO0VU6Oej7RkWJGrehjbzMAjFp5/VKPp5tTpWIV4JHHZK1/BxbFRtf/siA2SWTe09caDmVtYYzWEIbBS4zw==}
    engines: {node: '>= 0.4.0'}
    dependencies:
      function-bind: 1.1.1
    dev: true

  /ignore/5.2.0:
    resolution: {integrity: sha512-CmxgYGiEPCLhfLnpPp1MoRmifwEIOgjcHXxOBjv7mY96c+eWScsOP9c112ZyLdWHi0FxHjI+4uVhKYp/gcdRmQ==}
    engines: {node: '>= 4'}
    dev: true

  /is-core-module/2.8.1:
    resolution: {integrity: sha512-SdNCUs284hr40hFTFP6l0IfZ/RSrMXF3qgoRHd3/79unUTvrFO/JoXwkGm+5J/Oe3E/b5GsnG330uUNgRpu1PA==}
    dependencies:
      has: 1.0.3
    dev: true

  /is-extglob/2.1.1:
    resolution: {integrity: sha1-qIwCU1eR8C7TfHahueqXc8gz+MI=}
    engines: {node: '>=0.10.0'}
    dev: true

  /is-glob/4.0.3:
    resolution: {integrity: sha512-xelSayHH36ZgE7ZWhli7pW34hNbNl8Ojv5KVmkJD4hBdD3th8Tfk9vYasLM+mXWOZhFkgZfxhLSnrwRr4elSSg==}
    engines: {node: '>=0.10.0'}
    dependencies:
      is-extglob: 2.1.1
    dev: true

  /is-number/7.0.0:
    resolution: {integrity: sha512-41Cifkg6e8TylSpdtTpeLVMqvSBEVzTttHvERD741+pnZ8ANv0004MRL43QKPDlK9cGvNp6NZWZUBlbGXYxxng==}
    engines: {node: '>=0.12.0'}
    dev: true

  /js-tokens/4.0.0:
    resolution: {integrity: sha512-RdJUflcE3cUzKiMqQgsCu06FPu9UdIJO0beYbPhHN4k6apgJtifcoCtT9bcxOpYBtpD2kCM6Sbzg4CausW/PKQ==}
    dev: true

  /local-pkg/0.4.1:
    resolution: {integrity: sha512-lL87ytIGP2FU5PWwNDo0w3WhIo2gopIAxPg9RxDYF7m4rr5ahuZxP22xnJHIvaLTe4Z9P6uKKY2UHiwyB4pcrw==}
    engines: {node: '>=14'}
    dev: true

  /loose-envify/1.4.0:
    resolution: {integrity: sha512-lyuxPGr/Wfhrlem2CL/UcnUc1zcqKAImBDzukY7Y5F/yQiNdko6+fRLevlw1HgMySw7f611UIY408EtxRSoK3Q==}
    hasBin: true
    dependencies:
      js-tokens: 4.0.0
    dev: true

  /loupe/2.3.4:
    resolution: {integrity: sha512-OvKfgCC2Ndby6aSTREl5aCCPTNIzlDfQZvZxNUrBrihDhL3xcrYegTblhmEiCrg2kKQz4XsFIaemE5BF4ybSaQ==}
    dependencies:
      get-func-name: 2.0.0
    dev: true

  /merge2/1.4.1:
    resolution: {integrity: sha512-8q7VEgMJW4J8tcfVPy8g09NcQwZdbwFEqhe/WZkoIzjn/3TGDwtOCYtXGxA3O8tPzpczCCDgv+P2P5y00ZJOOg==}
    engines: {node: '>= 8'}
    dev: true

  /micromatch/4.0.4:
    resolution: {integrity: sha512-pRmzw/XUcwXGpD9aI9q/0XOwLNygjETJ8y0ao0wdqprrzDa4YnxLcz7fQRZr8voh8V10kGhABbNcHVk5wHgWwg==}
    engines: {node: '>=8.6'}
    dependencies:
      braces: 3.0.2
      picomatch: 2.3.1
    dev: true

  /ms/2.1.2:
    resolution: {integrity: sha512-sGkPx+VjMtmA6MX27oA4FBFELFCZZ4S4XqeGOXCv68tT+jb3vk/RyaKWP0PTKyWtmLSM0b+adUTEvbs1PEaH2w==}
    dev: true

  /nanoid/3.3.1:
    resolution: {integrity: sha512-n6Vs/3KGyxPQd6uO0eH4Bv0ojGSUvuLlIHtC3Y0kEO23YRge8H9x1GCzLn28YX0H66pMkxuaeESFq4tKISKwdw==}
    engines: {node: ^10 || ^12 || ^13.7 || ^14 || >=15.0.1}
    hasBin: true
    dev: true

  /next/12.1.0_react-dom@17.0.2+react@17.0.2:
    resolution: {integrity: sha512-s885kWvnIlxsUFHq9UGyIyLiuD0G3BUC/xrH0CEnH5lHEWkwQcHOORgbDF0hbrW9vr/7am4ETfX4A7M6DjrE7Q==}
    engines: {node: '>=12.22.0'}
    hasBin: true
    peerDependencies:
      fibers: '>= 3.1.0'
      node-sass: ^6.0.0 || ^7.0.0
      react: ^17.0.2 || ^18.0.0-0
      react-dom: ^17.0.2 || ^18.0.0-0
      sass: ^1.3.0
    peerDependenciesMeta:
      fibers:
        optional: true
      node-sass:
        optional: true
      sass:
        optional: true
    dependencies:
      '@next/env': 12.1.0
      caniuse-lite: 1.0.30001319
      postcss: 8.4.5
      react: 17.0.2
      react-dom: 17.0.2_react@17.0.2
      styled-jsx: 5.0.0_react@17.0.2
      use-subscription: 1.5.1_react@17.0.2
    optionalDependencies:
      '@next/swc-android-arm64': 12.1.0
      '@next/swc-darwin-arm64': 12.1.0
      '@next/swc-darwin-x64': 12.1.0
      '@next/swc-linux-arm-gnueabihf': 12.1.0
      '@next/swc-linux-arm64-gnu': 12.1.0
      '@next/swc-linux-arm64-musl': 12.1.0
      '@next/swc-linux-x64-gnu': 12.1.0
      '@next/swc-linux-x64-musl': 12.1.0
      '@next/swc-win32-arm64-msvc': 12.1.0
      '@next/swc-win32-ia32-msvc': 12.1.0
      '@next/swc-win32-x64-msvc': 12.1.0
    transitivePeerDependencies:
      - '@babel/core'
      - babel-plugin-macros
    dev: true

  /object-assign/4.1.1:
    resolution: {integrity: sha1-IQmtx5ZYh8/AXLvUQsrIv7s2CGM=}
    engines: {node: '>=0.10.0'}
    dev: true

  /path-parse/1.0.7:
    resolution: {integrity: sha512-LDJzPVEEEPR+y48z93A0Ed0yXb8pAByGWo/k5YYdYgpY2/2EsOsksJrq7lOHxryrVOn1ejG6oAp8ahvOIQD8sw==}
    dev: true

  /path-type/4.0.0:
    resolution: {integrity: sha512-gDKb8aZMDeD/tZWs9P6+q0J9Mwkdl6xMV8TjnGP3qJVJ06bdMgkbBlLU8IdfOsIsFz2BW1rNVT3XuNEl8zPAvw==}
    engines: {node: '>=8'}
    dev: true

  /pathval/1.1.1:
    resolution: {integrity: sha512-Dp6zGqpTdETdR63lehJYPeIOqpiNBNtc7BpWSLrOje7UaIsE5aY92r/AunQA7rsXvet3lrJ3JnZX29UPTKXyKQ==}
    dev: true

  /picocolors/1.0.0:
    resolution: {integrity: sha512-1fygroTLlHu66zi26VoTDv8yRgm0Fccecssto+MhsZ0D/DGW2sm8E8AjW7NU5VVTRt5GxbeZ5qBuJr+HyLYkjQ==}
    dev: true

  /picomatch/2.3.1:
    resolution: {integrity: sha512-JU3teHTNjmE2VCGFzuY8EXzCDVwEqB2a8fsIvwaStHhAWJEeVd1o1QD80CU6+ZdEXXSLbSsuLwJjkCBWqRQUVA==}
    engines: {node: '>=8.6'}
    dev: true

  /pirates/4.0.5:
    resolution: {integrity: sha512-8V9+HQPupnaXMA23c5hvl69zXvTwTzyAYasnkb0Tts4XvO4CliqONMOnvlq26rkhLC3nWDFBJf73LU1e1VZLaQ==}
    engines: {node: '>= 6'}
    dev: true

  /postcss/8.4.12:
    resolution: {integrity: sha512-lg6eITwYe9v6Hr5CncVbK70SoioNQIq81nsaG86ev5hAidQvmOeETBqs7jm43K2F5/Ley3ytDtriImV6TpNiSg==}
    engines: {node: ^10 || ^12 || >=14}
    dependencies:
      nanoid: 3.3.1
      picocolors: 1.0.0
      source-map-js: 1.0.2
    dev: true

  /postcss/8.4.5:
    resolution: {integrity: sha512-jBDboWM8qpaqwkMwItqTQTiFikhs/67OYVvblFFTM7MrZjt6yMKd6r2kgXizEbTTljacm4NldIlZnhbjr84QYg==}
    engines: {node: ^10 || ^12 || >=14}
    dependencies:
      nanoid: 3.3.1
      picocolors: 1.0.0
      source-map-js: 1.0.2
    dev: true

  /queue-microtask/1.2.3:
    resolution: {integrity: sha512-NuaNSa6flKT5JaSYQzJok04JzTL1CA6aGhv5rfLW3PgqA+M2ChpZQnAC8h8i4ZFkBS8X5RqkDBHA7r4hej3K9A==}
    dev: true

  /react-dom/17.0.2_react@17.0.2:
    resolution: {integrity: sha512-s4h96KtLDUQlsENhMn1ar8t2bEa+q/YAtj8pPPdIjPDGBDIVNsrD9aXNWqspUe6AzKCIG0C1HZZLqLV7qpOBGA==}
    peerDependencies:
      react: 17.0.2
    dependencies:
      loose-envify: 1.4.0
      object-assign: 4.1.1
      react: 17.0.2
      scheduler: 0.20.2
    dev: true

  /react/17.0.2:
    resolution: {integrity: sha512-gnhPt75i/dq/z3/6q/0asP78D0u592D5L1pd7M8P+dck6Fu/jJeL6iVVK23fptSUZj8Vjf++7wXA8UNclGQcbA==}
    engines: {node: '>=0.10.0'}
    dependencies:
      loose-envify: 1.4.0
      object-assign: 4.1.1
    dev: true

  /resolve/1.22.0:
    resolution: {integrity: sha512-Hhtrw0nLeSrFQ7phPp4OOcVjLPIeMnRlr5mcnVuMe7M/7eBn98A3hmFRLoFo3DLZkivSYwhRUJTyPyWAk56WLw==}
    hasBin: true
    dependencies:
      is-core-module: 2.8.1
      path-parse: 1.0.7
      supports-preserve-symlinks-flag: 1.0.0
    dev: true

  /reusify/1.0.4:
    resolution: {integrity: sha512-U9nH88a3fc/ekCF1l0/UP1IosiuIjyTh7hBvXVMHYgVcfGvt897Xguj2UOLDeI5BG2m7/uwyaLVT6fbtCwTyzw==}
    engines: {iojs: '>=1.0.0', node: '>=0.10.0'}
    dev: true

  /rollup/2.70.1:
    resolution: {integrity: sha512-CRYsI5EuzLbXdxC6RnYhOuRdtz4bhejPMSWjsFLfVM/7w/85n2szZv6yExqUXsBdz5KT8eoubeyDUDjhLHEslA==}
    engines: {node: '>=10.0.0'}
    hasBin: true
    optionalDependencies:
      fsevents: 2.3.2
    dev: true

  /run-parallel/1.2.0:
    resolution: {integrity: sha512-5l4VyZR86LZ/lDxZTR6jqL8AFE2S0IFLMP26AbjsLVADxHdhB/c0GUsH+y39UfCi3dzz8OlQuPmnaJOMoDHQBA==}
    dependencies:
      queue-microtask: 1.2.3
    dev: true

  /scheduler/0.20.2:
    resolution: {integrity: sha512-2eWfGgAqqWFGqtdMmcL5zCMK1U8KlXv8SQFGglL3CEtd0aDVDWgeF/YoCmvln55m5zSk3J/20hTaSBeSObsQDQ==}
    dependencies:
      loose-envify: 1.4.0
      object-assign: 4.1.1
    dev: true

  /slash/3.0.0:
    resolution: {integrity: sha512-g9Q1haeby36OSStwb4ntCGGGaKsaVSjQ68fBxoQcutl5fS1vuY18H3wSt3jFyFtrkx+Kz0V1G85A4MyAdDMi2Q==}
    engines: {node: '>=8'}
    dev: true

  /source-map-js/1.0.2:
    resolution: {integrity: sha512-R0XvVJ9WusLiqTCEiGCmICCMplcCkIwwR11mOSD9CR5u+IXYdiseeEuXCVAjS54zqwkLcPNnmU4OeJ6tUrWhDw==}
    engines: {node: '>=0.10.0'}
    dev: true

  /source-map-support/0.5.21:
    resolution: {integrity: sha512-uBHU3L3czsIyYXKX88fdrGovxdSCoTGDRZ6SYXtSRxLZUzHg5P/66Ht6uoUlHu9EZod+inXhKo3qQgwXUT/y1w==}
    dependencies:
      buffer-from: 1.1.2
      source-map: 0.6.1
    dev: true

  /source-map/0.6.1:
    resolution: {integrity: sha512-UjgapumWlbMhkBgzT7Ykc5YXUT46F0iKu8SGXq0bcwP5dz/h0Plj6enJqjz1Zbq2l5WaqYnrVbwWOWMyF3F47g==}
    engines: {node: '>=0.10.0'}
    dev: true

  /strip-ansi/6.0.1:
    resolution: {integrity: sha512-Y38VPSHcqkFrCpFnQ9vuSXmquuv5oXOKpGeT6aGrr3o3Gc9AlVa6JBfUSOCnbxGGZF+/0ooI7KrPuUSztUdU5A==}
    engines: {node: '>=8'}
    dependencies:
      ansi-regex: 5.0.1
    dev: true

  /styled-jsx/5.0.0_react@17.0.2:
    resolution: {integrity: sha512-qUqsWoBquEdERe10EW8vLp3jT25s/ssG1/qX5gZ4wu15OZpmSMFI2v+fWlRhLfykA5rFtlJ1ME8A8pm/peV4WA==}
    engines: {node: '>= 12.0.0'}
    peerDependencies:
      '@babel/core': '*'
      babel-plugin-macros: '*'
      react: '>= 16.8.0 || 17.x.x || 18.x.x'
    peerDependenciesMeta:
      '@babel/core':
        optional: true
      babel-plugin-macros:
        optional: true
    dependencies:
      react: 17.0.2
    dev: true

  /supports-color/7.2.0:
    resolution: {integrity: sha512-qpCAvRl9stuOHveKsn7HncJRvv501qIacKzQlO/+Lwxc9+0q2wLyv4Dfvt80/DPn2pqOBsJdDiogXGR9+OvwRw==}
    engines: {node: '>=8'}
    dependencies:
      has-flag: 4.0.0
    dev: true

  /supports-preserve-symlinks-flag/1.0.0:
    resolution: {integrity: sha512-ot0WnXS9fgdkgIcePe6RHNk1WA8+muPa6cSjeR3V8K27q9BB1rTE3R1p7Hv0z1ZyAc8s6Vvv8DIyWf681MAt0w==}
    engines: {node: '>= 0.4'}
    dev: true

  /tinypool/0.1.2:
    resolution: {integrity: sha512-fvtYGXoui2RpeMILfkvGIgOVkzJEGediv8UJt7TxdAOY8pnvUkFg/fkvqTfXG9Acc9S17Cnn1S4osDc2164guA==}
    engines: {node: '>=14.0.0'}
    dev: true

  /tinyspy/0.3.0:
    resolution: {integrity: sha512-c5uFHqtUp74R2DJE3/Efg0mH5xicmgziaQXMm/LvuuZn3RdpADH32aEGDRyCzObXT1DNfwDMqRQ/Drh1MlO12g==}
    engines: {node: '>=14.0.0'}
    dev: true

  /to-regex-range/5.0.1:
    resolution: {integrity: sha512-65P7iz6X5yEr1cwcgvQxbbIw7Uk3gOy5dIdtZ4rDveLqhrdJP+Li/Hx6tyK0NEb+2GCyneCMJiGqrADCSNk8sQ==}
    engines: {node: '>=8.0'}
    dependencies:
      is-number: 7.0.0
    dev: true

  /tslib/2.3.1:
    resolution: {integrity: sha512-77EbyPPpMz+FRFRuAFlWMtmgUWGe9UOG2Z25NqCwiIjRhOf5iKGuzSe5P2w1laq+FkRy4p+PCuVkJSGkzTEKVw==}
    dev: true

  /type-detect/4.0.8:
    resolution: {integrity: sha512-0fr/mIH1dlO+x7TlcMy+bIDqKPsw/70tVyeHW787goQjhmqaZe10uwLujubK9q9Lg6Fiho1KUKDYz0Z7k7g5/g==}
    engines: {node: '>=4'}
    dev: true

  /typescript/4.6.2:
    resolution: {integrity: sha512-HM/hFigTBHZhLXshn9sN37H085+hQGeJHJ/X7LpBWLID/fbc2acUMfU+lGD98X81sKP+pFa9f0DZmCwB9GnbAg==}
    engines: {node: '>=4.2.0'}
    hasBin: true
    dev: true

  /use-subscription/1.5.1_react@17.0.2:
    resolution: {integrity: sha512-Xv2a1P/yReAjAbhylMfFplFKj9GssgTwN7RlcTxBujFQcloStWNDQdc4g4NRWH9xS4i/FDk04vQBptAXoF3VcA==}
    peerDependencies:
      react: ^16.8.0 || ^17.0.0
    dependencies:
      object-assign: 4.1.1
      react: 17.0.2
    dev: true

  /vite/2.8.6:
    resolution: {integrity: sha512-e4H0QpludOVKkmOsRyqQ7LTcMUDF3mcgyNU4lmi0B5JUbe0ZxeBBl8VoZ8Y6Rfn9eFKYtdXNPcYK97ZwH+K2ug==}
    engines: {node: '>=12.2.0'}
    hasBin: true
    peerDependencies:
      less: '*'
      sass: '*'
      stylus: '*'
    peerDependenciesMeta:
      less:
        optional: true
      sass:
        optional: true
      stylus:
        optional: true
    dependencies:
      esbuild: 0.14.27
      postcss: 8.4.12
      resolve: 1.22.0
      rollup: 2.70.1
    optionalDependencies:
      fsevents: 2.3.2
    dev: true

  /vitest/0.5.9:
    resolution: {integrity: sha512-R8lRP9Q1yIbwr8pDf2gvw4PFe8H5YMyHhBcdyfnUh6toLfCR10jrdI/WkNxdo5I4H/9XrMX9t+SAavdJExNdKg==}
    engines: {node: '>=14.14.0'}
    hasBin: true
    peerDependencies:
      '@vitest/ui': '*'
      c8: '*'
      happy-dom: '*'
      jsdom: '*'
    peerDependenciesMeta:
      '@vitest/ui':
        optional: true
      c8:
        optional: true
      happy-dom:
        optional: true
      jsdom:
        optional: true
    dependencies:
      '@types/chai': 4.3.0
      '@types/chai-subset': 1.3.3
      chai: 4.3.6
      local-pkg: 0.4.1
      tinypool: 0.1.2
      tinyspy: 0.3.0
      vite: 2.8.6
    transitivePeerDependencies:
      - less
      - sass
      - stylus
    dev: true
